
Microsoft Visual Studio Solution File, Format Version 12.00
# Visual Studio 15
VisualStudioVersion = 15.0.27428.2037
MinimumVisualStudioVersion = 10.0.40219.1
Project("{FAE04EC0-301F-11D3-BF4B-00C04F79EFBC}") = "Engagement Letter Application", "Gettry_Engagement_Letter\Engagement Letter Application.csproj", "{285459EE-F56F-4CBC-9840-180AFBE5F1DD}"
EndProject
Global
	GlobalSection(SolutionConfigurationPlatforms) = preSolution
		Debug|Any CPU = Debug|Any CPU
		Release|Any CPU = Release|Any CPU
	EndGlobalSection
	GlobalSection(ProjectConfigurationPlatforms) = postSolution
		{285459EE-F56F-4CBC-9840-180AFBE5F1DD}.Debug|Any CPU.ActiveCfg = Debug|Any CPU
		{285459EE-F56F-4CBC-9840-180AFBE5F1DD}.Debug|Any CPU.Build.0 = Debug|Any CPU
		{285459EE-F56F-4CBC-9840-180AFBE5F1DD}.Release|Any CPU.ActiveCfg = Release|Any CPU
		{285459EE-F56F-4CBC-9840-180AFBE5F1DD}.Release|Any CPU.Build.0 = Release|Any CPU
	EndGlobalSection
	GlobalSection(SolutionProperties) = preSolution
		HideSolutionNode = FALSE
	EndGlobalSection
	GlobalSection(ExtensibilityGlobals) = postSolution
		SolutionGuid = {64DD54A6-8CD9-4060-A6F9-177A6B4F23A9}
	EndGlobalSection
	GlobalSection(Performance) = preSolution
		HasPerformanceSessions = true
	EndGlobalSection
EndGlobal
